
Microsoft Visual Studio Solution File, Format Version 12.00
# Visual Studio Version 17
VisualStudioVersion = 17.10.34928.147
MinimumVisualStudioVersion = 10.0.40219.1
Project("{8BC9CEB8-8B4A-11D0-8D11-00A0C91BC942}") = "BasicSingleThread", "BasicSingleThread\BasicSingleThread.vcxproj", "{6459C846-76EB-4C2F-8464-E4F247D256E0}"
EndProject
Project("{8BC9CEB8-8B4A-11D0-8D11-00A0C91BC942}") = "BasicMultiThread", "BasicMultiThread\BasicMultiThread.vcxproj", "{3D20A449-4B59-4693-840F-8252DAB35573}"
EndProject
Global
	GlobalSection(SolutionConfigurationPlatforms) = preSolution
		Debug|x64 = Debug|x64
		Debug|x86 = Debug|x86
		Release|x64 = Release|x64
		Release|x86 = Release|x86
	EndGlobalSection
	GlobalSection(ProjectConfigurationPlatforms) = postSolution
		{6459C846-76EB-4C2F-8464-E4F247D256E0}.Debug|x64.ActiveCfg = Debug|x64
		{6459C846-76EB-4C2F-8464-E4F247D256E0}.Debug|x64.Build.0 = Debug|x64
		{6459C846-76EB-4C2F-8464-E4F247D256E0}.Debug|x86.ActiveCfg = Debug|Win32
		{6459C846-76EB-4C2F-8464-E4F247D256E0}.Debug|x86.Build.0 = Debug|Win32
		{6459C846-76EB-4C2F-8464-E4F247D256E0}.Release|x64.ActiveCfg = Release|x64
		{6459C846-76EB-4C2F-8464-E4F247D256E0}.Release|x64.Build.0 = Release|x64
		{6459C846-76EB-4C2F-8464-E4F247D256E0}.Release|x86.ActiveCfg = Release|Win32
		{6459C846-76EB-4C2F-8464-E4F247D256E0}.Release|x86.Build.0 = Release|Win32
		{3D20A449-4B59-4693-840F-8252DAB35573}.Debug|x64.ActiveCfg = Debug|x64
		{3D20A449-4B59-4693-840F-8252DAB35573}.Debug|x64.Build.0 = Debug|x64
		{3D20A449-4B59-4693-840F-8252DAB35573}.Debug|x86.ActiveCfg = Debug|Win32
		{3D20A449-4B59-4693-840F-8252DAB35573}.Debug|x86.Build.0 = Debug|Win32
		{3D20A449-4B59-4693-840F-8252DAB35573}.Release|x64.ActiveCfg = Release|x64
		{3D20A449-4B59-4693-840F-8252DAB35573}.Release|x64.Build.0 = Release|x64
		{3D20A449-4B59-4693-840F-8252DAB35573}.Release|x86.ActiveCfg = Release|Win32
		{3D20A449-4B59-4693-840F-8252DAB35573}.Release|x86.Build.0 = Release|Win32
	EndGlobalSection
	GlobalSection(SolutionProperties) = preSolution
		HideSolutionNode = FALSE
	EndGlobalSection
	GlobalSection(ExtensibilityGlobals) = postSolution
		SolutionGuid = {F607FB61-D218-4B9F-8315-EE352CB6725D}
	EndGlobalSection
EndGlobal
